
Microsoft Visual Studio Solution File, Format Version 12.00
# Visual Studio Version 17
VisualStudioVersion = 17.11.35222.181
MinimumVisualStudioVersion = 10.0.40219.1
Project("{FAE04EC0-301F-11D3-BF4B-00C04F79EFBC}") = "My-Playing-Card-Class-Example", "My-Playing-Card-Class-Example.csproj", "{B8839AD3-F32A-4A94-9EB5-903E9C1108B4}"
EndProject
Global
	GlobalSection(SolutionConfigurationPlatforms) = preSolution
		Debug|Any CPU = Debug|Any CPU
		Release|Any CPU = Release|Any CPU
	EndGlobalSection
	GlobalSection(ProjectConfigurationPlatforms) = postSolution
		{B8839AD3-F32A-4A94-9EB5-903E9C1108B4}.Debug|Any CPU.ActiveCfg = Debug|Any CPU
		{B8839AD3-F32A-4A94-9EB5-903E9C1108B4}.Debug|Any CPU.Build.0 = Debug|Any CPU
		{B8839AD3-F32A-4A94-9EB5-903E9C1108B4}.Release|Any CPU.ActiveCfg = Release|Any CPU
		{B8839AD3-F32A-4A94-9EB5-903E9C1108B4}.Release|Any CPU.Build.0 = Release|Any CPU
	EndGlobalSection
	GlobalSection(SolutionProperties) = preSolution
		HideSolutionNode = FALSE
	EndGlobalSection
	GlobalSection(ExtensibilityGlobals) = postSolution
		SolutionGuid = {1ECA2C04-F0CB-44C7-9ECD-6E40806108E4}
	EndGlobalSection
EndGlobal
